// !$*UTF8*$!
{
	archiveVersion = 1;
	classes = {
	};
	objectVersion = 51;
	objects = {

/* Begin PBXBuildFile section */
		225DC69D24D262E200EF5BA4 /* CategoryViewController.swift in Sources */ = {isa = PBXBuildFile; fileRef = 225DC69C24D262E200EF5BA4 /* CategoryViewController.swift */; };
		228D8F4824D2789100D5841B /* Item.swift in Sources */ = {isa = PBXBuildFile; fileRef = 228D8F4724D2789100D5841B /* Item.swift */; };
		228D8F4A24D2789C00D5841B /* Category.swift in Sources */ = {isa = PBXBuildFile; fileRef = 228D8F4924D2789C00D5841B /* Category.swift */; };
		228E30BD24D295170059AC1E /* SwipeTableViewController.swift in Sources */ = {isa = PBXBuildFile; fileRef = 228E30BC24D295170059AC1E /* SwipeTableViewController.swift */; };
		22E81E3624C76943007EDA3C /* AppDelegate.swift in Sources */ = {isa = PBXBuildFile; fileRef = 22E81E3524C76943007EDA3C /* AppDelegate.swift */; };
		22E81E3824C76943007EDA3C /* SceneDelegate.swift in Sources */ = {isa = PBXBuildFile; fileRef = 22E81E3724C76943007EDA3C /* SceneDelegate.swift */; };
		22E81E3A24C76943007EDA3C /* ToDoListVIewController.swift in Sources */ = {isa = PBXBuildFile; fileRef = 22E81E3924C76943007EDA3C /* ToDoListVIewController.swift */; };
		22E81E3D24C76943007EDA3C /* Main.storyboard in Resources */ = {isa = PBXBuildFile; fileRef = 22E81E3B24C76943007EDA3C /* Main.storyboard */; };
		22E81E3F24C76945007EDA3C /* Assets.xcassets in Resources */ = {isa = PBXBuildFile; fileRef = 22E81E3E24C76945007EDA3C /* Assets.xcassets */; };
		22E81E4224C76945007EDA3C /* LaunchScreen.storyboard in Resources */ = {isa = PBXBuildFile; fileRef = 22E81E4024C76945007EDA3C /* LaunchScreen.storyboard */; };
		26B65EC87B27A4DFADCC8595 /* Pods_to_dos.framework in Frameworks */ = {isa = PBXBuildFile; fileRef = 5909EB4C53F9FCEA2CCAC7C8 /* Pods_to_dos.framework */; };
/* End PBXBuildFile section */

/* Begin PBXFileReference section */
		225DC69C24D262E200EF5BA4 /* CategoryViewController.swift */ = {isa = PBXFileReference; lastKnownFileType = sourcecode.swift; path = CategoryViewController.swift; sourceTree = SOURCE_ROOT; };
		228D8F4724D2789100D5841B /* Item.swift */ = {isa = PBXFileReference; lastKnownFileType = sourcecode.swift; path = Item.swift; sourceTree = "<group>"; };
		228D8F4924D2789C00D5841B /* Category.swift */ = {isa = PBXFileReference; lastKnownFileType = sourcecode.swift; path = Category.swift; sourceTree = "<group>"; };
		228E30BC24D295170059AC1E /* SwipeTableViewController.swift */ = {isa = PBXFileReference; lastKnownFileType = sourcecode.swift; path = SwipeTableViewController.swift; sourceTree = "<group>"; };
		22E81E3224C76943007EDA3C /* to_dos.app */ = {isa = PBXFileReference; explicitFileType = wrapper.application; includeInIndex = 0; path = to_dos.app; sourceTree = BUILT_PRODUCTS_DIR; };
		22E81E3524C76943007EDA3C /* AppDelegate.swift */ = {isa = PBXFileReference; lastKnownFileType = sourcecode.swift; path = AppDelegate.swift; sourceTree = "<group>"; };
		22E81E3724C76943007EDA3C /* SceneDelegate.swift */ = {isa = PBXFileReference; lastKnownFileType = sourcecode.swift; path = SceneDelegate.swift; sourceTree = "<group>"; };
		22E81E3924C76943007EDA3C /* ToDoListVIewController.swift */ = {isa = PBXFileReference; lastKnownFileType = sourcecode.swift; path = ToDoListVIewController.swift; sourceTree = "<group>"; };
		22E81E3C24C76943007EDA3C /* Base */ = {isa = PBXFileReference; lastKnownFileType = file.storyboard; name = Base; path = Base.lproj/Main.storyboard; sourceTree = "<group>"; };
		22E81E3E24C76945007EDA3C /* Assets.xcassets */ = {isa = PBXFileReference; lastKnownFileType = folder.assetcatalog; path = Assets.xcassets; sourceTree = "<group>"; };
		22E81E4124C76945007EDA3C /* Base */ = {isa = PBXFileReference; lastKnownFileType = file.storyboard; name = Base; path = Base.lproj/LaunchScreen.storyboard; sourceTree = "<group>"; };
		22E81E4324C76945007EDA3C /* Info.plist */ = {isa = PBXFileReference; lastKnownFileType = text.plist.xml; path = Info.plist; sourceTree = "<group>"; };
		3B8230B1B5BF97CD89CB4DD0 /* Pods-to_dos.debug.xcconfig */ = {isa = PBXFileReference; includeInIndex = 1; lastKnownFileType = text.xcconfig; name = "Pods-to_dos.debug.xcconfig"; path = "Target Support Files/Pods-to_dos/Pods-to_dos.debug.xcconfig"; sourceTree = "<group>"; };
		4C236D644C0C02B2913668B1 /* Pods-to_dos.release.xcconfig */ = {isa = PBXFileReference; includeInIndex = 1; lastKnownFileType = text.xcconfig; name = "Pods-to_dos.release.xcconfig"; path = "Target Support Files/Pods-to_dos/Pods-to_dos.release.xcconfig"; sourceTree = "<group>"; };
		5909EB4C53F9FCEA2CCAC7C8 /* Pods_to_dos.framework */ = {isa = PBXFileReference; explicitFileType = wrapper.framework; includeInIndex = 0; path = Pods_to_dos.framework; sourceTree = BUILT_PRODUCTS_DIR; };
/* End PBXFileReference section */

/* Begin PBXFrameworksBuildPhase section */
		22E81E2F24C76943007EDA3C /* Frameworks */ = {
			isa = PBXFrameworksBuildPhase;
			buildActionMask = 2147483647;
			files = (
				26B65EC87B27A4DFADCC8595 /* Pods_to_dos.framework in Frameworks */,
			);
			runOnlyForDeploymentPostprocessing = 0;
		};
/* End PBXFrameworksBuildPhase section */

/* Begin PBXGroup section */
		22E81E2924C76943007EDA3C = {
			isa = PBXGroup;
			children = (
				22E81E3424C76943007EDA3C /* to_dos */,
				22E81E3324C76943007EDA3C /* Products */,
				71926A9A30F56423CB20D620 /* Pods */,
				43505FC819E95D5CCB1E0594 /* Frameworks */,
			);
			sourceTree = "<group>";
		};
		22E81E3324C76943007EDA3C /* Products */ = {
			isa = PBXGroup;
			children = (
				22E81E3224C76943007EDA3C /* to_dos.app */,
			);
			name = Products;
			sourceTree = "<group>";
		};
		22E81E3424C76943007EDA3C /* to_dos */ = {
			isa = PBXGroup;
			children = (
				22E81E3524C76943007EDA3C /* AppDelegate.swift */,
				22E81E3724C76943007EDA3C /* SceneDelegate.swift */,
				22E81E4C24CF56F8007EDA3C /* Controllers */,
				22E81E4B24CF56E9007EDA3C /* Data Model */,
				22E81E4D24CF5706007EDA3C /* Views */,
				22E81E3E24C76945007EDA3C /* Assets.xcassets */,
				22E81E4024C76945007EDA3C /* LaunchScreen.storyboard */,
				22E81E4324C76945007EDA3C /* Info.plist */,
			);
			path = to_dos;
			sourceTree = "<group>";
		};
		22E81E4B24CF56E9007EDA3C /* Data Model */ = {
			isa = PBXGroup;
			children = (
				228D8F4924D2789C00D5841B /* Category.swift */,
				228D8F4724D2789100D5841B /* Item.swift */,
			);
			path = "Data Model";
			sourceTree = "<group>";
		};
		22E81E4C24CF56F8007EDA3C /* Controllers */ = {
			isa = PBXGroup;
			children = (
				225DC69C24D262E200EF5BA4 /* CategoryViewController.swift */,
				22E81E3924C76943007EDA3C /* ToDoListVIewController.swift */,
				228E30BC24D295170059AC1E /* SwipeTableViewController.swift */,
			);
			path = Controllers;
			sourceTree = "<group>";
		};
		22E81E4D24CF5706007EDA3C /* Views */ = {
			isa = PBXGroup;
			children = (
				22E81E3B24C76943007EDA3C /* Main.storyboard */,
			);
			path = Views;
			sourceTree = "<group>";
		};
		43505FC819E95D5CCB1E0594 /* Frameworks */ = {
			isa = PBXGroup;
			children = (
				5909EB4C53F9FCEA2CCAC7C8 /* Pods_to_dos.framework */,
			);
			name = Frameworks;
			sourceTree = "<group>";
		};
		71926A9A30F56423CB20D620 /* Pods */ = {
			isa = PBXGroup;
			children = (
				3B8230B1B5BF97CD89CB4DD0 /* Pods-to_dos.debug.xcconfig */,
				4C236D644C0C02B2913668B1 /* Pods-to_dos.release.xcconfig */,
			);
			path = Pods;
			sourceTree = "<group>";
		};
/* End PBXGroup section */

/* Begin PBXNativeTarget section */
		22E81E3124C76943007EDA3C /* to_dos */ = {
			isa = PBXNativeTarget;
			buildConfigurationList = 22E81E4624C76945007EDA3C /* Build configuration list for PBXNativeTarget "to_dos" */;
			buildPhases = (
				51562FB57A69B85D59B7FFC9 /* [CP] Check Pods Manifest.lock */,
				22E81E2E24C76943007EDA3C /* Sources */,
				22E81E2F24C76943007EDA3C /* Frameworks */,
				22E81E3024C76943007EDA3C /* Resources */,
				AA4A7C4D06E37522C8A31450 /* [CP] Embed Pods Frameworks */,
			);
			buildRules = (
			);
			dependencies = (
			);
			name = to_dos;
			productName = to_dos;
			productReference = 22E81E3224C76943007EDA3C /* to_dos.app */;
			productType = "com.apple.product-type.application";
		};
/* End PBXNativeTarget section */

/* Begin PBXProject section */
		22E81E2A24C76943007EDA3C /* Project object */ = {
			isa = PBXProject;
			attributes = {
				LastSwiftUpdateCheck = 1160;
				LastUpgradeCheck = 1160;
				ORGANIZATIONNAME = XIN;
				TargetAttributes = {
					22E81E3124C76943007EDA3C = {
						CreatedOnToolsVersion = 11.6;
					};
				};
			};
			buildConfigurationList = 22E81E2D24C76943007EDA3C /* Build configuration list for PBXProject "to_dos" */;
			compatibilityVersion = "Xcode 9.3";
			developmentRegion = en;
			hasScannedForEncodings = 0;
			knownRegions = (
				en,
				Base,
			);
			mainGroup = 22E81E2924C76943007EDA3C;
			productRefGroup = 22E81E3324C76943007EDA3C /* Products */;
			projectDirPath = "";
			projectRoot = "";
			targets = (
				22E81E3124C76943007EDA3C /* to_dos */,
			);
		};
/* End PBXProject section */

/* Begin PBXResourcesBuildPhase section */
		22E81E3024C76943007EDA3C /* Resources */ = {
			isa = PBXResourcesBuildPhase;
			buildActionMask = 2147483647;
			files = (
				22E81E4224C76945007EDA3C /* LaunchScreen.storyboard in Resources */,
				22E81E3F24C76945007EDA3C /* Assets.xcassets in Resources */,
				22E81E3D24C76943007EDA3C /* Main.storyboard in Resources */,
			);
			runOnlyForDeploymentPostprocessing = 0;
		};
/* End PBXResourcesBuildPhase section */

/* Begin PBXShellScriptBuildPhase section */
		51562FB57A69B85D59B7FFC9 /* [CP] Check Pods Manifest.lock */ = {
			isa = PBXShellScriptBuildPhase;
			buildActionMask = 2147483647;
			files = (
			);
			inputFileListPaths = (
			);
			inputPaths = (
				"${PODS_PODFILE_DIR_PATH}/Podfile.lock",
				"${PODS_ROOT}/Manifest.lock",
			);
			name = "[CP] Check Pods Manifest.lock";
			outputFileListPaths = (
			);
			outputPaths = (
				"$(DERIVED_FILE_DIR)/Pods-to_dos-checkManifestLockResult.txt",
			);
			runOnlyForDeploymentPostprocessing = 0;
			shellPath = /bin/sh;
			shellScript = "diff \"${PODS_PODFILE_DIR_PATH}/Podfile.lock\" \"${PODS_ROOT}/Manifest.lock\" > /dev/null\nif [ $? != 0 ] ; then\n    # print error to STDERR\n    echo \"error: The sandbox is not in sync with the Podfile.lock. Run 'pod install' or update your CocoaPods installation.\" >&2\n    exit 1\nfi\n# This output is used by Xcode 'outputs' to avoid re-running this script phase.\necho \"SUCCESS\" > \"${SCRIPT_OUTPUT_FILE_0}\"\n";
			showEnvVarsInLog = 0;
		};
		AA4A7C4D06E37522C8A31450 /* [CP] Embed Pods Frameworks */ = {
			isa = PBXShellScriptBuildPhase;
			buildActionMask = 2147483647;
			files = (
			);
			inputFileListPaths = (
				"${PODS_ROOT}/Target Support Files/Pods-to_dos/Pods-to_dos-frameworks-${CONFIGURATION}-input-files.xcfilelist",
			);
			name = "[CP] Embed Pods Frameworks";
			outputFileListPaths = (
				"${PODS_ROOT}/Target Support Files/Pods-to_dos/Pods-to_dos-frameworks-${CONFIGURATION}-output-files.xcfilelist",
			);
			runOnlyForDeploymentPostprocessing = 0;
			shellPath = /bin/sh;
			shellScript = "\"${PODS_ROOT}/Target Support Files/Pods-to_dos/Pods-to_dos-frameworks.sh\"\n";
			showEnvVarsInLog = 0;
		};
/* End PBXShellScriptBuildPhase section */

/* Begin PBXSourcesBuildPhase section */
		22E81E2E24C76943007EDA3C /* Sources */ = {
			isa = PBXSourcesBuildPhase;
			buildActionMask = 2147483647;
			files = (
				225DC69D24D262E200EF5BA4 /* CategoryViewController.swift in Sources */,
				22E81E3A24C76943007EDA3C /* ToDoListVIewController.swift in Sources */,
				22E81E3624C76943007EDA3C /* AppDelegate.swift in Sources */,
				228E30BD24D295170059AC1E /* SwipeTableViewController.swift in Sources */,
				228D8F4824D2789100D5841B /* Item.swift in Sources */,
				22E81E3824C76943007EDA3C /* SceneDelegate.swift in Sources */,
				228D8F4A24D2789C00D5841B /* Category.swift in Sources */,
			);
			runOnlyForDeploymentPostprocessing = 0;
		};
/* End PBXSourcesBuildPhase section */

/* Begin PBXVariantGroup section */
		22E81E3B24C76943007EDA3C /* Main.storyboard */ = {
			isa = PBXVariantGroup;
			children = (
				22E81E3C24C76943007EDA3C /* Base */,
			);
			name = Main.storyboard;
			sourceTree = "<group>";
		};
		22E81E4024C76945007EDA3C /* LaunchScreen.storyboard */ = {
			isa = PBXVariantGroup;
			children = (
				22E81E4124C76945007EDA3C /* Base */,
			);
			name = LaunchScreen.storyboard;
			sourceTree = "<group>";
		};
/* End PBXVariantGroup section */

/* Begin XCBuildConfiguration section */
		22E81E4424C76945007EDA3C /* Debug */ = {
			isa = XCBuildConfiguration;
			buildSettings = {
				ALWAYS_SEARCH_USER_PATHS = NO;
				CLANG_ANALYZER_NONNULL = YES;
				CLANG_ANALYZER_NUMBER_OBJECT_CONVERSION = YES_AGGRESSIVE;
				CLANG_CXX_LANGUAGE_STANDARD = "gnu++14";
				CLANG_CXX_LIBRARY = "libc++";
				CLANG_ENABLE_MODULES = YES;
				CLANG_ENABLE_OBJC_ARC = YES;
				CLANG_ENABLE_OBJC_WEAK = YES;
				CLANG_WARN_BLOCK_CAPTURE_AUTORELEASING = YES;
				CLANG_WARN_BOOL_CONVERSION = YES;
				CLANG_WARN_COMMA = YES;
				CLANG_WARN_CONSTANT_CONVERSION = YES;
				CLANG_WARN_DEPRECATED_OBJC_IMPLEMENTATIONS = YES;
				CLANG_WARN_DIRECT_OBJC_ISA_USAGE = YES_ERROR;
				CLANG_WARN_DOCUMENTATION_COMMENTS = YES;
				CLANG_WARN_EMPTY_BODY = YES;
				CLANG_WARN_ENUM_CONVERSION = YES;
				CLANG_WARN_INFINITE_RECURSION = YES;
				CLANG_WARN_INT_CONVERSION = YES;
				CLANG_WARN_NON_LITERAL_NULL_CONVERSION = YES;
				CLANG_WARN_OBJC_IMPLICIT_RETAIN_SELF = YES;
				CLANG_WARN_OBJC_LITERAL_CONVERSION = YES;
				CLANG_WARN_OBJC_ROOT_CLASS = YES_ERROR;
				CLANG_WARN_RANGE_LOOP_ANALYSIS = YES;
				CLANG_WARN_STRICT_PROTOTYPES = YES;
				CLANG_WARN_SUSPICIOUS_MOVE = YES;
				CLANG_WARN_UNGUARDED_AVAILABILITY = YES_AGGRESSIVE;
				CLANG_WARN_UNREACHABLE_CODE = YES;
				CLANG_WARN__DUPLICATE_METHOD_MATCH = YES;
				COPY_PHASE_STRIP = NO;
				DEBUG_INFORMATION_FORMAT = dwarf;
				ENABLE_STRICT_OBJC_MSGSEND = YES;
				ENABLE_TESTABILITY = YES;
				GCC_C_LANGUAGE_STANDARD = gnu11;
				GCC_DYNAMIC_NO_PIC = NO;
				GCC_NO_COMMON_BLOCKS = YES;
				GCC_OPTIMIZATION_LEVEL = 0;
				GCC_PREPROCESSOR_DEFINITIONS = (
					"DEBUG=1",
					"$(inherited)",
				);
				GCC_WARN_64_TO_32_BIT_CONVERSION = YES;
				GCC_WARN_ABOUT_RETURN_TYPE = YES_ERROR;
				GCC_WARN_UNDECLARED_SELECTOR = YES;
				GCC_WARN_UNINITIALIZED_AUTOS = YES_AGGRESSIVE;
				GCC_WARN_UNUSED_FUNCTION = YES;
				GCC_WARN_UNUSED_VARIABLE = YES;
				IPHONEOS_DEPLOYMENT_TARGET = 13.6;
				MTL_ENABLE_DEBUG_INFO = INCLUDE_SOURCE;
				MTL_FAST_MATH = YES;
				ONLY_ACTIVE_ARCH = YES;
				SDKROOT = iphoneos;
				SWIFT_ACTIVE_COMPILATION_CONDITIONS = DEBUG;
				SWIFT_OPTIMIZATION_LEVEL = "-Onone";
			};
			name = Debug;
		};
		22E81E4524C76945007EDA3C /* Release */ = {
			isa = XCBuildConfiguration;
			buildSettings = {
				ALWAYS_SEARCH_USER_PATHS = NO;
				CLANG_ANALYZER_NONNULL = YES;
				CLANG_ANALYZER_NUMBER_OBJECT_CONVERSION = YES_AGGRESSIVE;
				CLANG_CXX_LANGUAGE_STANDARD = "gnu++14";
				CLANG_CXX_LIBRARY = "libc++";
				CLANG_ENABLE_MODULES = YES;
				CLANG_ENABLE_OBJC_ARC = YES;
				CLANG_ENABLE_OBJC_WEAK = YES;
				CLANG_WARN_BLOCK_CAPTURE_AUTORELEASING = YES;
				CLANG_WARN_BOOL_CONVERSION = YES;
				CLANG_WARN_COMMA = YES;
				CLANG_WARN_CONSTANT_CONVERSION = YES;
				CLANG_WARN_DEPRECATED_OBJC_IMPLEMENTATIONS = YES;
				CLANG_WARN_DIRECT_OBJC_ISA_USAGE = YES_ERROR;
				CLANG_WARN_DOCUMENTATION_COMMENTS = YES;
				CLANG_WARN_EMPTY_BODY = YES;
				CLANG_WARN_ENUM_CONVERSION = YES;
				CLANG_WARN_INFINITE_RECURSION = YES;
				CLANG_WARN_INT_CONVERSION = YES;
				CLANG_WARN_NON_LITERAL_NULL_CONVERSION = YES;
				CLANG_WARN_OBJC_IMPLICIT_RETAIN_SELF = YES;
				CLANG_WARN_OBJC_LITERAL_CONVERSION = YES;
				CLANG_WARN_OBJC_ROOT_CLASS = YES_ERROR;
				CLANG_WARN_RANGE_LOOP_ANALYSIS = YES;
				CLANG_WARN_STRICT_PROTOTYPES = YES;
				CLANG_WARN_SUSPICIOUS_MOVE = YES;
				CLANG_WARN_UNGUARDED_AVAILABILITY = YES_AGGRESSIVE;
				CLANG_WARN_UNREACHABLE_CODE = YES;
				CLANG_WARN__DUPLICATE_METHOD_MATCH = YES;
				COPY_PHASE_STRIP = NO;
				DEBUG_INFORMATION_FORMAT = "dwarf-with-dsym";
				ENABLE_NS_ASSERTIONS = NO;
				ENABLE_STRICT_OBJC_MSGSEND = YES;
				GCC_C_LANGUAGE_STANDARD = gnu11;
				GCC_NO_COMMON_BLOCKS = YES;
				GCC_WARN_64_TO_32_BIT_CONVERSION = YES;
				GCC_WARN_ABOUT_RETURN_TYPE = YES_ERROR;
				GCC_WARN_UNDECLARED_SELECTOR = YES;
				GCC_WARN_UNINITIALIZED_AUTOS = YES_AGGRESSIVE;
				GCC_WARN_UNUSED_FUNCTION = YES;
				GCC_WARN_UNUSED_VARIABLE = YES;
				IPHONEOS_DEPLOYMENT_TARGET = 13.6;
				MTL_ENABLE_DEBUG_INFO = NO;
				MTL_FAST_MATH = YES;
				SDKROOT = iphoneos;
				SWIFT_COMPILATION_MODE = wholemodule;
				SWIFT_OPTIMIZATION_LEVEL = "-O";
				VALIDATE_PRODUCT = YES;
			};
			name = Release;
		};
		22E81E4724C76945007EDA3C /* Debug */ = {
			isa = XCBuildConfiguration;
			baseConfigurationReference = 3B8230B1B5BF97CD89CB4DD0 /* Pods-to_dos.debug.xcconfig */;
			buildSettings = {
				ASSETCATALOG_COMPILER_APPICON_NAME = AppIcon;
				CODE_SIGN_STYLE = Automatic;
				DEVELOPMENT_TEAM = CA6PY2LF2K;
				INFOPLIST_FILE = to_dos/Info.plist;
				LD_RUNPATH_SEARCH_PATHS = (
					"$(inherited)",
					"@executable_path/Frameworks",
				);
				PRODUCT_BUNDLE_IDENTIFIER = "com.to-dos";
				PRODUCT_NAME = "$(TARGET_NAME)";
				SWIFT_VERSION = 5.0;
				TARGETED_DEVICE_FAMILY = "1,2";
			};
			name = Debug;
		};
		22E81E4824C76945007EDA3C /* Release */ = {
			isa = XCBuildConfiguration;
			baseConfigurationReference = 4C236D644C0C02B2913668B1 /* Pods-to_dos.release.xcconfig */;
			buildSettings = {
				ASSETCATALOG_COMPILER_APPICON_NAME = AppIcon;
				CODE_SIGN_STYLE = Automatic;
				DEVELOPMENT_TEAM = CA6PY2LF2K;
				INFOPLIST_FILE = to_dos/Info.plist;
				LD_RUNPATH_SEARCH_PATHS = (
					"$(inherited)",
					"@executable_path/Frameworks",
				);
				PRODUCT_BUNDLE_IDENTIFIER = "com.to-dos";
				PRODUCT_NAME = "$(TARGET_NAME)";
				SWIFT_VERSION = 5.0;
				TARGETED_DEVICE_FAMILY = "1,2";
			};
			name = Release;
		};
/* End XCBuildConfiguration section */

/* Begin XCConfigurationList section */
		22E81E2D24C76943007EDA3C /* Build configuration list for PBXProject "to_dos" */ = {
			isa = XCConfigurationList;
			buildConfigurations = (
				22E81E4424C76945007EDA3C /* Debug */,
				22E81E4524C76945007EDA3C /* Release */,
			);
			defaultConfigurationIsVisible = 0;
			defaultConfigurationName = Release;
		};
		22E81E4624C76945007EDA3C /* Build configuration list for PBXNativeTarget "to_dos" */ = {
			isa = XCConfigurationList;
			buildConfigurations = (
				22E81E4724C76945007EDA3C /* Debug */,
				22E81E4824C76945007EDA3C /* Release */,
			);
			defaultConfigurationIsVisible = 0;
			defaultConfigurationName = Release;
		};
/* End XCConfigurationList section */
	};
	rootObject = 22E81E2A24C76943007EDA3C /* Project object */;
}
