// !$*UTF8*$!
{
	archiveVersion = 1;
	classes = {
	};
	objectVersion = 50;
	objects = {

/* Begin PBXBuildFile section */
		225DC68424D1F8B600EF5BA4 /* AppDelegate.swift in Sources */ = {isa = PBXBuildFile; fileRef = 225DC68324D1F8B600EF5BA4 /* AppDelegate.swift */; };
		225DC68624D1F8B600EF5BA4 /* SceneDelegate.swift in Sources */ = {isa = PBXBuildFile; fileRef = 225DC68524D1F8B600EF5BA4 /* SceneDelegate.swift */; };
		225DC68824D1F8B600EF5BA4 /* ViewController.swift in Sources */ = {isa = PBXBuildFile; fileRef = 225DC68724D1F8B600EF5BA4 /* ViewController.swift */; };
		225DC68B24D1F8B600EF5BA4 /* Main.storyboard in Resources */ = {isa = PBXBuildFile; fileRef = 225DC68924D1F8B600EF5BA4 /* Main.storyboard */; };
		225DC68E24D1F8B600EF5BA4 /* CoreDataModel.xcdatamodeld in Sources */ = {isa = PBXBuildFile; fileRef = 225DC68C24D1F8B600EF5BA4 /* CoreDataModel.xcdatamodeld */; };
		225DC69024D1F8B700EF5BA4 /* Assets.xcassets in Resources */ = {isa = PBXBuildFile; fileRef = 225DC68F24D1F8B700EF5BA4 /* Assets.xcassets */; };
		225DC69324D1F8B700EF5BA4 /* LaunchScreen.storyboard in Resources */ = {isa = PBXBuildFile; fileRef = 225DC69124D1F8B700EF5BA4 /* LaunchScreen.storyboard */; };
/* End PBXBuildFile section */

/* Begin PBXFileReference section */
		225DC68024D1F8B600EF5BA4 /* CoreDataModel.app */ = {isa = PBXFileReference; explicitFileType = wrapper.application; includeInIndex = 0; path = CoreDataModel.app; sourceTree = BUILT_PRODUCTS_DIR; };
		225DC68324D1F8B600EF5BA4 /* AppDelegate.swift */ = {isa = PBXFileReference; lastKnownFileType = sourcecode.swift; path = AppDelegate.swift; sourceTree = "<group>"; };
		225DC68524D1F8B600EF5BA4 /* SceneDelegate.swift */ = {isa = PBXFileReference; lastKnownFileType = sourcecode.swift; path = SceneDelegate.swift; sourceTree = "<group>"; };
		225DC68724D1F8B600EF5BA4 /* ViewController.swift */ = {isa = PBXFileReference; lastKnownFileType = sourcecode.swift; path = ViewController.swift; sourceTree = "<group>"; };
		225DC68A24D1F8B600EF5BA4 /* Base */ = {isa = PBXFileReference; lastKnownFileType = file.storyboard; name = Base; path = Base.lproj/Main.storyboard; sourceTree = "<group>"; };
		225DC68D24D1F8B600EF5BA4 /* CoreDataModel.xcdatamodel */ = {isa = PBXFileReference; lastKnownFileType = wrapper.xcdatamodel; path = CoreDataModel.xcdatamodel; sourceTree = "<group>"; };
		225DC68F24D1F8B700EF5BA4 /* Assets.xcassets */ = {isa = PBXFileReference; lastKnownFileType = folder.assetcatalog; path = Assets.xcassets; sourceTree = "<group>"; };
		225DC69224D1F8B700EF5BA4 /* Base */ = {isa = PBXFileReference; lastKnownFileType = file.storyboard; name = Base; path = Base.lproj/LaunchScreen.storyboard; sourceTree = "<group>"; };
		225DC69424D1F8B700EF5BA4 /* Info.plist */ = {isa = PBXFileReference; lastKnownFileType = text.plist.xml; path = Info.plist; sourceTree = "<group>"; };
/* End PBXFileReference section */

/* Begin PBXFrameworksBuildPhase section */
		225DC67D24D1F8B600EF5BA4 /* Frameworks */ = {
			isa = PBXFrameworksBuildPhase;
			buildActionMask = 2147483647;
			files = (
			);
			runOnlyForDeploymentPostprocessing = 0;
		};
/* End PBXFrameworksBuildPhase section */

/* Begin PBXGroup section */
		225DC67724D1F8B600EF5BA4 = {
			isa = PBXGroup;
			children = (
				225DC68224D1F8B600EF5BA4 /* CoreDataModel */,
				225DC68124D1F8B600EF5BA4 /* Products */,
			);
			sourceTree = "<group>";
		};
		225DC68124D1F8B600EF5BA4 /* Products */ = {
			isa = PBXGroup;
			children = (
				225DC68024D1F8B600EF5BA4 /* CoreDataModel.app */,
			);
			name = Products;
			sourceTree = "<group>";
		};
		225DC68224D1F8B600EF5BA4 /* CoreDataModel */ = {
			isa = PBXGroup;
			children = (
				225DC68324D1F8B600EF5BA4 /* AppDelegate.swift */,
				225DC68524D1F8B600EF5BA4 /* SceneDelegate.swift */,
				225DC68724D1F8B600EF5BA4 /* ViewController.swift */,
				225DC68924D1F8B600EF5BA4 /* Main.storyboard */,
				225DC68F24D1F8B700EF5BA4 /* Assets.xcassets */,
				225DC69124D1F8B700EF5BA4 /* LaunchScreen.storyboard */,
				225DC69424D1F8B700EF5BA4 /* Info.plist */,
				225DC68C24D1F8B600EF5BA4 /* CoreDataModel.xcdatamodeld */,
			);
			path = CoreDataModel;
			sourceTree = "<group>";
		};
/* End PBXGroup section */

/* Begin PBXNativeTarget section */
		225DC67F24D1F8B600EF5BA4 /* CoreDataModel */ = {
			isa = PBXNativeTarget;
			buildConfigurationList = 225DC69724D1F8B700EF5BA4 /* Build configuration list for PBXNativeTarget "CoreDataModel" */;
			buildPhases = (
				225DC67C24D1F8B600EF5BA4 /* Sources */,
				225DC67D24D1F8B600EF5BA4 /* Frameworks */,
				225DC67E24D1F8B600EF5BA4 /* Resources */,
			);
			buildRules = (
			);
			dependencies = (
			);
			name = CoreDataModel;
			productName = CoreDataModel;
			productReference = 225DC68024D1F8B600EF5BA4 /* CoreDataModel.app */;
			productType = "com.apple.product-type.application";
		};
/* End PBXNativeTarget section */

/* Begin PBXProject section */
		225DC67824D1F8B600EF5BA4 /* Project object */ = {
			isa = PBXProject;
			attributes = {
				LastSwiftUpdateCheck = 1160;
				LastUpgradeCheck = 1160;
				ORGANIZATIONNAME = XIN;
				TargetAttributes = {
					225DC67F24D1F8B600EF5BA4 = {
						CreatedOnToolsVersion = 11.6;
					};
				};
			};
			buildConfigurationList = 225DC67B24D1F8B600EF5BA4 /* Build configuration list for PBXProject "CoreDataModel" */;
			compatibilityVersion = "Xcode 9.3";
			developmentRegion = en;
			hasScannedForEncodings = 0;
			knownRegions = (
				en,
				Base,
			);
			mainGroup = 225DC67724D1F8B600EF5BA4;
			productRefGroup = 225DC68124D1F8B600EF5BA4 /* Products */;
			projectDirPath = "";
			projectRoot = "";
			targets = (
				225DC67F24D1F8B600EF5BA4 /* CoreDataModel */,
			);
		};
/* End PBXProject section */

/* Begin PBXResourcesBuildPhase section */
		225DC67E24D1F8B600EF5BA4 /* Resources */ = {
			isa = PBXResourcesBuildPhase;
			buildActionMask = 2147483647;
			files = (
				225DC69324D1F8B700EF5BA4 /* LaunchScreen.storyboard in Resources */,
				225DC69024D1F8B700EF5BA4 /* Assets.xcassets in Resources */,
				225DC68B24D1F8B600EF5BA4 /* Main.storyboard in Resources */,
			);
			runOnlyForDeploymentPostprocessing = 0;
		};
/* End PBXResourcesBuildPhase section */

/* Begin PBXSourcesBuildPhase section */
		225DC67C24D1F8B600EF5BA4 /* Sources */ = {
			isa = PBXSourcesBuildPhase;
			buildActionMask = 2147483647;
			files = (
				225DC68824D1F8B600EF5BA4 /* ViewController.swift in Sources */,
				225DC68424D1F8B600EF5BA4 /* AppDelegate.swift in Sources */,
				225DC68E24D1F8B600EF5BA4 /* CoreDataModel.xcdatamodeld in Sources */,
				225DC68624D1F8B600EF5BA4 /* SceneDelegate.swift in Sources */,
			);
			runOnlyForDeploymentPostprocessing = 0;
		};
/* End PBXSourcesBuildPhase section */

/* Begin PBXVariantGroup section */
		225DC68924D1F8B600EF5BA4 /* Main.storyboard */ = {
			isa = PBXVariantGroup;
			children = (
				225DC68A24D1F8B600EF5BA4 /* Base */,
			);
			name = Main.storyboard;
			sourceTree = "<group>";
		};
		225DC69124D1F8B700EF5BA4 /* LaunchScreen.storyboard */ = {
			isa = PBXVariantGroup;
			children = (
				225DC69224D1F8B700EF5BA4 /* Base */,
			);
			name = LaunchScreen.storyboard;
			sourceTree = "<group>";
		};
/* End PBXVariantGroup section */

/* Begin XCBuildConfiguration section */
		225DC69524D1F8B700EF5BA4 /* Debug */ = {
			isa = XCBuildConfiguration;
			buildSettings = {
				ALWAYS_SEARCH_USER_PATHS = NO;
				CLANG_ANALYZER_NONNULL = YES;
				CLANG_ANALYZER_NUMBER_OBJECT_CONVERSION = YES_AGGRESSIVE;
				CLANG_CXX_LANGUAGE_STANDARD = "gnu++14";
				CLANG_CXX_LIBRARY = "libc++";
				CLANG_ENABLE_MODULES = YES;
				CLANG_ENABLE_OBJC_ARC = YES;
				CLANG_ENABLE_OBJC_WEAK = YES;
				CLANG_WARN_BLOCK_CAPTURE_AUTORELEASING = YES;
				CLANG_WARN_BOOL_CONVERSION = YES;
				CLANG_WARN_COMMA = YES;
				CLANG_WARN_CONSTANT_CONVERSION = YES;
				CLANG_WARN_DEPRECATED_OBJC_IMPLEMENTATIONS = YES;
				CLANG_WARN_DIRECT_OBJC_ISA_USAGE = YES_ERROR;
				CLANG_WARN_DOCUMENTATION_COMMENTS = YES;
				CLANG_WARN_EMPTY_BODY = YES;
				CLANG_WARN_ENUM_CONVERSION = YES;
				CLANG_WARN_INFINITE_RECURSION = YES;
				CLANG_WARN_INT_CONVERSION = YES;
				CLANG_WARN_NON_LITERAL_NULL_CONVERSION = YES;
				CLANG_WARN_OBJC_IMPLICIT_RETAIN_SELF = YES;
				CLANG_WARN_OBJC_LITERAL_CONVERSION = YES;
				CLANG_WARN_OBJC_ROOT_CLASS = YES_ERROR;
				CLANG_WARN_RANGE_LOOP_ANALYSIS = YES;
				CLANG_WARN_STRICT_PROTOTYPES = YES;
				CLANG_WARN_SUSPICIOUS_MOVE = YES;
				CLANG_WARN_UNGUARDED_AVAILABILITY = YES_AGGRESSIVE;
				CLANG_WARN_UNREACHABLE_CODE = YES;
				CLANG_WARN__DUPLICATE_METHOD_MATCH = YES;
				COPY_PHASE_STRIP = NO;
				DEBUG_INFORMATION_FORMAT = dwarf;
				ENABLE_STRICT_OBJC_MSGSEND = YES;
				ENABLE_TESTABILITY = YES;
				GCC_C_LANGUAGE_STANDARD = gnu11;
				GCC_DYNAMIC_NO_PIC = NO;
				GCC_NO_COMMON_BLOCKS = YES;
				GCC_OPTIMIZATION_LEVEL = 0;
				GCC_PREPROCESSOR_DEFINITIONS = (
					"DEBUG=1",
					"$(inherited)",
				);
				GCC_WARN_64_TO_32_BIT_CONVERSION = YES;
				GCC_WARN_ABOUT_RETURN_TYPE = YES_ERROR;
				GCC_WARN_UNDECLARED_SELECTOR = YES;
				GCC_WARN_UNINITIALIZED_AUTOS = YES_AGGRESSIVE;
				GCC_WARN_UNUSED_FUNCTION = YES;
				GCC_WARN_UNUSED_VARIABLE = YES;
				IPHONEOS_DEPLOYMENT_TARGET = 13.6;
				MTL_ENABLE_DEBUG_INFO = INCLUDE_SOURCE;
				MTL_FAST_MATH = YES;
				ONLY_ACTIVE_ARCH = YES;
				SDKROOT = iphoneos;
				SWIFT_ACTIVE_COMPILATION_CONDITIONS = DEBUG;
				SWIFT_OPTIMIZATION_LEVEL = "-Onone";
			};
			name = Debug;
		};
		225DC69624D1F8B700EF5BA4 /* Release */ = {
			isa = XCBuildConfiguration;
			buildSettings = {
				ALWAYS_SEARCH_USER_PATHS = NO;
				CLANG_ANALYZER_NONNULL = YES;
				CLANG_ANALYZER_NUMBER_OBJECT_CONVERSION = YES_AGGRESSIVE;
				CLANG_CXX_LANGUAGE_STANDARD = "gnu++14";
				CLANG_CXX_LIBRARY = "libc++";
				CLANG_ENABLE_MODULES = YES;
				CLANG_ENABLE_OBJC_ARC = YES;
				CLANG_ENABLE_OBJC_WEAK = YES;
				CLANG_WARN_BLOCK_CAPTURE_AUTORELEASING = YES;
				CLANG_WARN_BOOL_CONVERSION = YES;
				CLANG_WARN_COMMA = YES;
				CLANG_WARN_CONSTANT_CONVERSION = YES;
				CLANG_WARN_DEPRECATED_OBJC_IMPLEMENTATIONS = YES;
				CLANG_WARN_DIRECT_OBJC_ISA_USAGE = YES_ERROR;
				CLANG_WARN_DOCUMENTATION_COMMENTS = YES;
				CLANG_WARN_EMPTY_BODY = YES;
				CLANG_WARN_ENUM_CONVERSION = YES;
				CLANG_WARN_INFINITE_RECURSION = YES;
				CLANG_WARN_INT_CONVERSION = YES;
				CLANG_WARN_NON_LITERAL_NULL_CONVERSION = YES;
				CLANG_WARN_OBJC_IMPLICIT_RETAIN_SELF = YES;
				CLANG_WARN_OBJC_LITERAL_CONVERSION = YES;
				CLANG_WARN_OBJC_ROOT_CLASS = YES_ERROR;
				CLANG_WARN_RANGE_LOOP_ANALYSIS = YES;
				CLANG_WARN_STRICT_PROTOTYPES = YES;
				CLANG_WARN_SUSPICIOUS_MOVE = YES;
				CLANG_WARN_UNGUARDED_AVAILABILITY = YES_AGGRESSIVE;
				CLANG_WARN_UNREACHABLE_CODE = YES;
				CLANG_WARN__DUPLICATE_METHOD_MATCH = YES;
				COPY_PHASE_STRIP = NO;
				DEBUG_INFORMATION_FORMAT = "dwarf-with-dsym";
				ENABLE_NS_ASSERTIONS = NO;
				ENABLE_STRICT_OBJC_MSGSEND = YES;
				GCC_C_LANGUAGE_STANDARD = gnu11;
				GCC_NO_COMMON_BLOCKS = YES;
				GCC_WARN_64_TO_32_BIT_CONVERSION = YES;
				GCC_WARN_ABOUT_RETURN_TYPE = YES_ERROR;
				GCC_WARN_UNDECLARED_SELECTOR = YES;
				GCC_WARN_UNINITIALIZED_AUTOS = YES_AGGRESSIVE;
				GCC_WARN_UNUSED_FUNCTION = YES;
				GCC_WARN_UNUSED_VARIABLE = YES;
				IPHONEOS_DEPLOYMENT_TARGET = 13.6;
				MTL_ENABLE_DEBUG_INFO = NO;
				MTL_FAST_MATH = YES;
				SDKROOT = iphoneos;
				SWIFT_COMPILATION_MODE = wholemodule;
				SWIFT_OPTIMIZATION_LEVEL = "-O";
				VALIDATE_PRODUCT = YES;
			};
			name = Release;
		};
		225DC69824D1F8B700EF5BA4 /* Debug */ = {
			isa = XCBuildConfiguration;
			buildSettings = {
				ASSETCATALOG_COMPILER_APPICON_NAME = AppIcon;
				CODE_SIGN_STYLE = Automatic;
				DEVELOPMENT_TEAM = CA6PY2LF2K;
				INFOPLIST_FILE = CoreDataModel/Info.plist;
				LD_RUNPATH_SEARCH_PATHS = (
					"$(inherited)",
					"@executable_path/Frameworks",
				);
				PRODUCT_BUNDLE_IDENTIFIER = com..CoreDataModel;
				PRODUCT_NAME = "$(TARGET_NAME)";
				SWIFT_VERSION = 5.0;
				TARGETED_DEVICE_FAMILY = "1,2";
			};
			name = Debug;
		};
		225DC69924D1F8B700EF5BA4 /* Release */ = {
			isa = XCBuildConfiguration;
			buildSettings = {
				ASSETCATALOG_COMPILER_APPICON_NAME = AppIcon;
				CODE_SIGN_STYLE = Automatic;
				DEVELOPMENT_TEAM = CA6PY2LF2K;
				INFOPLIST_FILE = CoreDataModel/Info.plist;
				LD_RUNPATH_SEARCH_PATHS = (
					"$(inherited)",
					"@executable_path/Frameworks",
				);
				PRODUCT_BUNDLE_IDENTIFIER = com..CoreDataModel;
				PRODUCT_NAME = "$(TARGET_NAME)";
				SWIFT_VERSION = 5.0;
				TARGETED_DEVICE_FAMILY = "1,2";
			};
			name = Release;
		};
/* End XCBuildConfiguration section */

/* Begin XCConfigurationList section */
		225DC67B24D1F8B600EF5BA4 /* Build configuration list for PBXProject "CoreDataModel" */ = {
			isa = XCConfigurationList;
			buildConfigurations = (
				225DC69524D1F8B700EF5BA4 /* Debug */,
				225DC69624D1F8B700EF5BA4 /* Release */,
			);
			defaultConfigurationIsVisible = 0;
			defaultConfigurationName = Release;
		};
		225DC69724D1F8B700EF5BA4 /* Build configuration list for PBXNativeTarget "CoreDataModel" */ = {
			isa = XCConfigurationList;
			buildConfigurations = (
				225DC69824D1F8B700EF5BA4 /* Debug */,
				225DC69924D1F8B700EF5BA4 /* Release */,
			);
			defaultConfigurationIsVisible = 0;
			defaultConfigurationName = Release;
		};
/* End XCConfigurationList section */

/* Begin XCVersionGroup section */
		225DC68C24D1F8B600EF5BA4 /* CoreDataModel.xcdatamodeld */ = {
			isa = XCVersionGroup;
			children = (
				225DC68D24D1F8B600EF5BA4 /* CoreDataModel.xcdatamodel */,
			);
			currentVersion = 225DC68D24D1F8B600EF5BA4 /* CoreDataModel.xcdatamodel */;
			path = CoreDataModel.xcdatamodeld;
			sourceTree = "<group>";
			versionGroupType = wrapper.xcdatamodel;
		};
/* End XCVersionGroup section */
	};
	rootObject = 225DC67824D1F8B600EF5BA4 /* Project object */;
}
